
Microsoft Visual Studio Solution File, Format Version 12.00
# Visual Studio Version 17
VisualStudioVersion = 17.10.34928.147
MinimumVisualStudioVersion = 10.0.40219.1
Project("{FAE04EC0-301F-11D3-BF4B-00C04F79EFBC}") = "TextAdventureFramework", "TextAdventureFramework.csproj", "{FF1F1E8A-345F-4854-AE9C-B76F4E5C490D}"
EndProject
Global
	GlobalSection(SolutionConfigurationPlatforms) = preSolution
		Debug|Any CPU = Debug|Any CPU
		Release|Any CPU = Release|Any CPU
	EndGlobalSection
	GlobalSection(ProjectConfigurationPlatforms) = postSolution
		{FF1F1E8A-345F-4854-AE9C-B76F4E5C490D}.Debug|Any CPU.ActiveCfg = Debug|Any CPU
		{FF1F1E8A-345F-4854-AE9C-B76F4E5C490D}.Debug|Any CPU.Build.0 = Debug|Any CPU
		{FF1F1E8A-345F-4854-AE9C-B76F4E5C490D}.Release|Any CPU.ActiveCfg = Release|Any CPU
		{FF1F1E8A-345F-4854-AE9C-B76F4E5C490D}.Release|Any CPU.Build.0 = Release|Any CPU
	EndGlobalSection
	GlobalSection(SolutionProperties) = preSolution
		HideSolutionNode = FALSE
	EndGlobalSection
	GlobalSection(ExtensibilityGlobals) = postSolution
		SolutionGuid = {2698404E-DCE6-4FA3-8EDB-C3245EF7EE9C}
	EndGlobalSection
EndGlobal
